
Microsoft Visual Studio Solution File, Format Version 12.00
# Visual Studio Version 16
VisualStudioVersion = 16.0.29519.87
MinimumVisualStudioVersion = 10.0.40219.1
Project("{9A19103F-16F7-4668-BE54-9A1E7A4F7556}") = "KristaShop.WebUI", "KristaShop.WebUI\KristaShop.WebUI.csproj", "{3714BE19-139D-403C-98C8-99B775180398}"
EndProject
Project("{9A19103F-16F7-4668-BE54-9A1E7A4F7556}") = "KristaShop.Common", "KristaShop.Common\KristaShop.Common.csproj", "{A46978FB-6F2B-4145-AE75-76B067610C7F}"
EndProject
Project("{9A19103F-16F7-4668-BE54-9A1E7A4F7556}") = "KristaShop.DataAccess", "KristaShop.DataAccess\KristaShop.DataAccess.csproj", "{54BBB5BB-01C3-4506-881F-7E9BF7904782}"
EndProject
Project("{9A19103F-16F7-4668-BE54-9A1E7A4F7556}") = "KristaShop.API", "KristaShop.API\KristaShop.API.csproj", "{DC1AC2EF-2680-4E6F-8EA7-725049119132}"
EndProject
Project("{2150E333-8FDC-42A3-9474-1A3956D46DE8}") = "Tests", "Tests", "{0AA6A040-AD21-40D8-BE42-974835C71FCC}"
EndProject
Project("{9A19103F-16F7-4668-BE54-9A1E7A4F7556}") = "Tests.Business", "Tests.Business\Tests.Business.csproj", "{487E75B0-770E-488B-B4D6-D959D60A45E3}"
EndProject
Project("{FAE04EC0-301F-11D3-BF4B-00C04F79EFBC}") = "Tests.Common", "Tests.Common\Tests.Common.csproj", "{C4667A1B-3529-4979-8DF4-B983E0EDBF1B}"
EndProject
Project("{2150E333-8FDC-42A3-9474-1A3956D46DE8}") = "Modules", "Modules", "{5B6BEA85-7713-4C29-A4A8-5A50BFC1BECD}"
EndProject
Project("{2150E333-8FDC-42A3-9474-1A3956D46DE8}") = "Media", "Media", "{55759038-00F2-4872-9B7F-2C442A3A33C5}"
EndProject
Project("{2150E333-8FDC-42A3-9474-1A3956D46DE8}") = "Common", "Common", "{0E672096-E384-4733-941F-E83AB8AD67E5}"
EndProject
Project("{FAE04EC0-301F-11D3-BF4B-00C04F79EFBC}") = "Module.Common.WebUI", "Module.Common.WebUI\Module.Common.WebUI.csproj", "{4636E3E0-9D35-448B-ACEA-86114DF3F994}"
EndProject
Project("{FAE04EC0-301F-11D3-BF4B-00C04F79EFBC}") = "Module.Media.Business", "Module.Media.Business\Module.Media.Business.csproj", "{E8C7C3AF-E817-4A80-AA46-C2283D281512}"
EndProject
Project("{FAE04EC0-301F-11D3-BF4B-00C04F79EFBC}") = "Module.Media.WebUI", "Module.Media.WebUI\Module.Media.WebUI.csproj", "{F72CEFF8-F081-4D0A-99F3-9E7F1D219C06}"
EndProject
Project("{FAE04EC0-301F-11D3-BF4B-00C04F79EFBC}") = "Module.Media.Admin", "Module.Media.Admin\Module.Media.Admin.csproj", "{DDAB15A6-69E0-46D1-A9FD-5E6222E1C2FA}"
EndProject
Project("{FAE04EC0-301F-11D3-BF4B-00C04F79EFBC}") = "Module.Common.Admin", "Module.Common.Admin\Module.Common.Admin.csproj", "{D2368BCA-C5D1-4448-AACD-3F16B6B8A862}"
EndProject
Project("{2150E333-8FDC-42A3-9474-1A3956D46DE8}") = "Partners", "Partners", "{75514FB2-1876-477B-9279-5E960B719F2A}"
EndProject
Project("{FAE04EC0-301F-11D3-BF4B-00C04F79EFBC}") = "Module.Partners.WebUI", "Module.Partners.WebUI\Module.Partners.WebUI.csproj", "{9F1D3908-5D91-49F1-B2F9-ACD2351F0F99}"
EndProject
Project("{FAE04EC0-301F-11D3-BF4B-00C04F79EFBC}") = "Module.Partners.Business", "Module.Partners.Business\Module.Partners.Business.csproj", "{9A843FA0-EB7E-4EB1-959A-7E71C35D20B6}"
EndProject
Project("{FAE04EC0-301F-11D3-BF4B-00C04F79EFBC}") = "Module.Common.Business", "Module.Common.Business\Module.Common.Business.csproj", "{A86E7A5C-1538-4584-995B-26070193A96A}"
EndProject
Project("{FAE04EC0-301F-11D3-BF4B-00C04F79EFBC}") = "Tests.Module.Partners.Business", "Tests.Module.Partners.Business\Tests.Module.Partners.Business.csproj", "{253386AE-DBD9-4A4F-8BFD-9E13F5691BC8}"
EndProject
Project("{FAE04EC0-301F-11D3-BF4B-00C04F79EFBC}") = "Module.Partners.Admin", "Module.Partners.Admin\Module.Partners.Admin.csproj", "{6B21E4F6-47FB-4435-864C-7A143CEFE288}"
EndProject
Project("{2150E333-8FDC-42A3-9474-1A3956D46DE8}") = "Catalogs", "Catalogs", "{A07294A4-CF32-477E-A21D-443F154A6A1D}"
EndProject
Project("{FAE04EC0-301F-11D3-BF4B-00C04F79EFBC}") = "Module.Catalogs.WebUI", "Module.Catalogs.WebUI\Module.Catalogs.WebUI.csproj", "{7B8F2775-8DE7-4CB3-8114-C33989ED0D63}"
EndProject
Project("{FAE04EC0-301F-11D3-BF4B-00C04F79EFBC}") = "Module.Catalogs.Business", "Module.Catalogs.Business\Module.Catalogs.Business.csproj", "{EC1C4A21-E30B-45B1-A2FE-539A8AF7B3CC}"
EndProject
Project("{FAE04EC0-301F-11D3-BF4B-00C04F79EFBC}") = "Module.Catalogs.Admin", "Module.Catalogs.Admin\Module.Catalogs.Admin.csproj", "{783ABB04-CD42-421D-B3FA-015224D7F4F2}"
EndProject
Project("{FAE04EC0-301F-11D3-BF4B-00C04F79EFBC}") = "Tests.Module.Catalog.Business", "Tests.Module.Catalog.Business\Tests.Module.Catalog.Business.csproj", "{EAA19F6E-DDEE-43CA-BF1C-825226EFAFE2}"
EndProject
Project("{2150E333-8FDC-42A3-9474-1A3956D46DE8}") = "App", "App", "{A6609180-D3E0-4D91-A525-8FB187918A3C}"
EndProject
Project("{FAE04EC0-301F-11D3-BF4B-00C04F79EFBC}") = "Module.App.WebUI", "Module.App.WebUI\Module.App.WebUI.csproj", "{3DAF125F-4584-4A45-94A7-8731BE0D68D6}"
EndProject
Project("{FAE04EC0-301F-11D3-BF4B-00C04F79EFBC}") = "Module.App.Admin", "Module.App.Admin\Module.App.Admin.csproj", "{BE905D90-619A-4586-807D-8725FB9F12AF}"
EndProject
Project("{FAE04EC0-301F-11D3-BF4B-00C04F79EFBC}") = "Module.App.Business", "Module.App.Business\Module.App.Business.csproj", "{9AC9FF4F-56EA-4AAB-8372-49FBEC171248}"
EndProject
Project("{2150E333-8FDC-42A3-9474-1A3956D46DE8}") = "Order", "Order", "{51FC97F6-D52A-4404-B578-3325DD21527C}"
EndProject
Project("{FAE04EC0-301F-11D3-BF4B-00C04F79EFBC}") = "Module.Cart.WebUI", "Module.Cart.WebUI\Module.Cart.WebUI.csproj", "{F3FBE44A-E3B0-47C6-85EF-30E081BC7299}"
EndProject
Project("{FAE04EC0-301F-11D3-BF4B-00C04F79EFBC}") = "Module.Order.WebUI", "Module.Order.WebUI\Module.Order.WebUI.csproj", "{05A9A60C-1931-48D5-96BD-AA7D2558A805}"
EndProject
Project("{FAE04EC0-301F-11D3-BF4B-00C04F79EFBC}") = "Module.Cart.Admin", "Module.Cart.Admin\Module.Cart.Admin.csproj", "{7A42437B-E043-4CA8-8F86-01383D63A954}"
EndProject
Project("{FAE04EC0-301F-11D3-BF4B-00C04F79EFBC}") = "Module.Order.Admin", "Module.Order.Admin\Module.Order.Admin.csproj", "{A33AD36B-3638-4F16-B3C0-18F3AB4E72E3}"
EndProject
Project("{FAE04EC0-301F-11D3-BF4B-00C04F79EFBC}") = "Module.Order.Business", "Module.Order.Business\Module.Order.Business.csproj", "{2BCDC008-1C80-4A4C-BD7A-9C4B124B3DFD}"
EndProject
Project("{FAE04EC0-301F-11D3-BF4B-00C04F79EFBC}") = "Tests.Module.Order.Business", "Tests.Module.Order.Business\Tests.Module.Order.Business.csproj", "{42BE8A2E-7DA1-4A9E-9835-572686CD9516}"
EndProject
Project("{2150E333-8FDC-42A3-9474-1A3956D46DE8}") = "Client", "Client", "{95352B86-BE19-4141-B159-030121FEC411}"
EndProject
Project("{FAE04EC0-301F-11D3-BF4B-00C04F79EFBC}") = "Module.Client.WebUI", "Module.Client.WebUI\Module.Client.WebUI.csproj", "{CF8EBF4E-95CA-4A2C-B5FE-24F3D97E4837}"
EndProject
Project("{FAE04EC0-301F-11D3-BF4B-00C04F79EFBC}") = "Module.Client.Admin", "Module.Client.Admin\Module.Client.Admin.csproj", "{80ACA0C3-91E4-4F87-A392-9AFD9EDA531F}"
EndProject
Project("{FAE04EC0-301F-11D3-BF4B-00C04F79EFBC}") = "Module.Client.Business", "Module.Client.Business\Module.Client.Business.csproj", "{656B8E9A-2E7D-4CA7-A6D1-8517BB97674D}"
EndProject
Global
	GlobalSection(SolutionConfigurationPlatforms) = preSolution
		Debug|Any CPU = Debug|Any CPU
		Release|Any CPU = Release|Any CPU
	EndGlobalSection
	GlobalSection(ProjectConfigurationPlatforms) = postSolution
		{3714BE19-139D-403C-98C8-99B775180398}.Debug|Any CPU.ActiveCfg = Debug|Any CPU
		{3714BE19-139D-403C-98C8-99B775180398}.Debug|Any CPU.Build.0 = Debug|Any CPU
		{3714BE19-139D-403C-98C8-99B775180398}.Release|Any CPU.ActiveCfg = Release|Any CPU
		{3714BE19-139D-403C-98C8-99B775180398}.Release|Any CPU.Build.0 = Release|Any CPU
		{A46978FB-6F2B-4145-AE75-76B067610C7F}.Debug|Any CPU.ActiveCfg = Debug|Any CPU
		{A46978FB-6F2B-4145-AE75-76B067610C7F}.Debug|Any CPU.Build.0 = Debug|Any CPU
		{A46978FB-6F2B-4145-AE75-76B067610C7F}.Release|Any CPU.ActiveCfg = Release|Any CPU
		{A46978FB-6F2B-4145-AE75-76B067610C7F}.Release|Any CPU.Build.0 = Release|Any CPU
		{54BBB5BB-01C3-4506-881F-7E9BF7904782}.Debug|Any CPU.ActiveCfg = Debug|Any CPU
		{54BBB5BB-01C3-4506-881F-7E9BF7904782}.Debug|Any CPU.Build.0 = Debug|Any CPU
		{54BBB5BB-01C3-4506-881F-7E9BF7904782}.Release|Any CPU.ActiveCfg = Release|Any CPU
		{54BBB5BB-01C3-4506-881F-7E9BF7904782}.Release|Any CPU.Build.0 = Release|Any CPU
		{DC1AC2EF-2680-4E6F-8EA7-725049119132}.Debug|Any CPU.ActiveCfg = Debug|Any CPU
		{DC1AC2EF-2680-4E6F-8EA7-725049119132}.Debug|Any CPU.Build.0 = Debug|Any CPU
		{DC1AC2EF-2680-4E6F-8EA7-725049119132}.Release|Any CPU.ActiveCfg = Release|Any CPU
		{DC1AC2EF-2680-4E6F-8EA7-725049119132}.Release|Any CPU.Build.0 = Release|Any CPU
		{487E75B0-770E-488B-B4D6-D959D60A45E3}.Debug|Any CPU.ActiveCfg = Debug|Any CPU
		{487E75B0-770E-488B-B4D6-D959D60A45E3}.Debug|Any CPU.Build.0 = Debug|Any CPU
		{487E75B0-770E-488B-B4D6-D959D60A45E3}.Release|Any CPU.ActiveCfg = Release|Any CPU
		{487E75B0-770E-488B-B4D6-D959D60A45E3}.Release|Any CPU.Build.0 = Release|Any CPU
		{C4667A1B-3529-4979-8DF4-B983E0EDBF1B}.Debug|Any CPU.ActiveCfg = Debug|Any CPU
		{C4667A1B-3529-4979-8DF4-B983E0EDBF1B}.Debug|Any CPU.Build.0 = Debug|Any CPU
		{C4667A1B-3529-4979-8DF4-B983E0EDBF1B}.Release|Any CPU.ActiveCfg = Release|Any CPU
		{C4667A1B-3529-4979-8DF4-B983E0EDBF1B}.Release|Any CPU.Build.0 = Release|Any CPU
		{4636E3E0-9D35-448B-ACEA-86114DF3F994}.Debug|Any CPU.ActiveCfg = Debug|Any CPU
		{4636E3E0-9D35-448B-ACEA-86114DF3F994}.Debug|Any CPU.Build.0 = Debug|Any CPU
		{4636E3E0-9D35-448B-ACEA-86114DF3F994}.Release|Any CPU.ActiveCfg = Release|Any CPU
		{4636E3E0-9D35-448B-ACEA-86114DF3F994}.Release|Any CPU.Build.0 = Release|Any CPU
		{E8C7C3AF-E817-4A80-AA46-C2283D281512}.Debug|Any CPU.ActiveCfg = Debug|Any CPU
		{E8C7C3AF-E817-4A80-AA46-C2283D281512}.Debug|Any CPU.Build.0 = Debug|Any CPU
		{E8C7C3AF-E817-4A80-AA46-C2283D281512}.Release|Any CPU.ActiveCfg = Release|Any CPU
		{E8C7C3AF-E817-4A80-AA46-C2283D281512}.Release|Any CPU.Build.0 = Release|Any CPU
		{F72CEFF8-F081-4D0A-99F3-9E7F1D219C06}.Debug|Any CPU.ActiveCfg = Debug|Any CPU
		{F72CEFF8-F081-4D0A-99F3-9E7F1D219C06}.Debug|Any CPU.Build.0 = Debug|Any CPU
		{F72CEFF8-F081-4D0A-99F3-9E7F1D219C06}.Release|Any CPU.ActiveCfg = Release|Any CPU
		{F72CEFF8-F081-4D0A-99F3-9E7F1D219C06}.Release|Any CPU.Build.0 = Release|Any CPU
		{DDAB15A6-69E0-46D1-A9FD-5E6222E1C2FA}.Debug|Any CPU.ActiveCfg = Debug|Any CPU
		{DDAB15A6-69E0-46D1-A9FD-5E6222E1C2FA}.Debug|Any CPU.Build.0 = Debug|Any CPU
		{DDAB15A6-69E0-46D1-A9FD-5E6222E1C2FA}.Release|Any CPU.ActiveCfg = Release|Any CPU
		{DDAB15A6-69E0-46D1-A9FD-5E6222E1C2FA}.Release|Any CPU.Build.0 = Release|Any CPU
		{D2368BCA-C5D1-4448-AACD-3F16B6B8A862}.Debug|Any CPU.ActiveCfg = Debug|Any CPU
		{D2368BCA-C5D1-4448-AACD-3F16B6B8A862}.Debug|Any CPU.Build.0 = Debug|Any CPU
		{D2368BCA-C5D1-4448-AACD-3F16B6B8A862}.Release|Any CPU.ActiveCfg = Release|Any CPU
		{D2368BCA-C5D1-4448-AACD-3F16B6B8A862}.Release|Any CPU.Build.0 = Release|Any CPU
		{9F1D3908-5D91-49F1-B2F9-ACD2351F0F99}.Debug|Any CPU.ActiveCfg = Debug|Any CPU
		{9F1D3908-5D91-49F1-B2F9-ACD2351F0F99}.Debug|Any CPU.Build.0 = Debug|Any CPU
		{9F1D3908-5D91-49F1-B2F9-ACD2351F0F99}.Release|Any CPU.ActiveCfg = Release|Any CPU
		{9F1D3908-5D91-49F1-B2F9-ACD2351F0F99}.Release|Any CPU.Build.0 = Release|Any CPU
		{9A843FA0-EB7E-4EB1-959A-7E71C35D20B6}.Debug|Any CPU.ActiveCfg = Debug|Any CPU
		{9A843FA0-EB7E-4EB1-959A-7E71C35D20B6}.Debug|Any CPU.Build.0 = Debug|Any CPU
		{9A843FA0-EB7E-4EB1-959A-7E71C35D20B6}.Release|Any CPU.ActiveCfg = Release|Any CPU
		{9A843FA0-EB7E-4EB1-959A-7E71C35D20B6}.Release|Any CPU.Build.0 = Release|Any CPU
		{A86E7A5C-1538-4584-995B-26070193A96A}.Debug|Any CPU.ActiveCfg = Debug|Any CPU
		{A86E7A5C-1538-4584-995B-26070193A96A}.Debug|Any CPU.Build.0 = Debug|Any CPU
		{A86E7A5C-1538-4584-995B-26070193A96A}.Release|Any CPU.ActiveCfg = Release|Any CPU
		{A86E7A5C-1538-4584-995B-26070193A96A}.Release|Any CPU.Build.0 = Release|Any CPU
		{253386AE-DBD9-4A4F-8BFD-9E13F5691BC8}.Debug|Any CPU.ActiveCfg = Debug|Any CPU
		{253386AE-DBD9-4A4F-8BFD-9E13F5691BC8}.Debug|Any CPU.Build.0 = Debug|Any CPU
		{253386AE-DBD9-4A4F-8BFD-9E13F5691BC8}.Release|Any CPU.ActiveCfg = Release|Any CPU
		{253386AE-DBD9-4A4F-8BFD-9E13F5691BC8}.Release|Any CPU.Build.0 = Release|Any CPU
		{6B21E4F6-47FB-4435-864C-7A143CEFE288}.Debug|Any CPU.ActiveCfg = Debug|Any CPU
		{6B21E4F6-47FB-4435-864C-7A143CEFE288}.Debug|Any CPU.Build.0 = Debug|Any CPU
		{6B21E4F6-47FB-4435-864C-7A143CEFE288}.Release|Any CPU.ActiveCfg = Release|Any CPU
		{6B21E4F6-47FB-4435-864C-7A143CEFE288}.Release|Any CPU.Build.0 = Release|Any CPU
		{7B8F2775-8DE7-4CB3-8114-C33989ED0D63}.Debug|Any CPU.ActiveCfg = Debug|Any CPU
		{7B8F2775-8DE7-4CB3-8114-C33989ED0D63}.Debug|Any CPU.Build.0 = Debug|Any CPU
		{7B8F2775-8DE7-4CB3-8114-C33989ED0D63}.Release|Any CPU.ActiveCfg = Release|Any CPU
		{7B8F2775-8DE7-4CB3-8114-C33989ED0D63}.Release|Any CPU.Build.0 = Release|Any CPU
		{EC1C4A21-E30B-45B1-A2FE-539A8AF7B3CC}.Debug|Any CPU.ActiveCfg = Debug|Any CPU
		{EC1C4A21-E30B-45B1-A2FE-539A8AF7B3CC}.Debug|Any CPU.Build.0 = Debug|Any CPU
		{EC1C4A21-E30B-45B1-A2FE-539A8AF7B3CC}.Release|Any CPU.ActiveCfg = Release|Any CPU
		{EC1C4A21-E30B-45B1-A2FE-539A8AF7B3CC}.Release|Any CPU.Build.0 = Release|Any CPU
		{783ABB04-CD42-421D-B3FA-015224D7F4F2}.Debug|Any CPU.ActiveCfg = Debug|Any CPU
		{783ABB04-CD42-421D-B3FA-015224D7F4F2}.Debug|Any CPU.Build.0 = Debug|Any CPU
		{783ABB04-CD42-421D-B3FA-015224D7F4F2}.Release|Any CPU.ActiveCfg = Release|Any CPU
		{783ABB04-CD42-421D-B3FA-015224D7F4F2}.Release|Any CPU.Build.0 = Release|Any CPU
		{EAA19F6E-DDEE-43CA-BF1C-825226EFAFE2}.Debug|Any CPU.ActiveCfg = Debug|Any CPU
		{EAA19F6E-DDEE-43CA-BF1C-825226EFAFE2}.Debug|Any CPU.Build.0 = Debug|Any CPU
		{EAA19F6E-DDEE-43CA-BF1C-825226EFAFE2}.Release|Any CPU.ActiveCfg = Release|Any CPU
		{EAA19F6E-DDEE-43CA-BF1C-825226EFAFE2}.Release|Any CPU.Build.0 = Release|Any CPU
		{3DAF125F-4584-4A45-94A7-8731BE0D68D6}.Debug|Any CPU.ActiveCfg = Debug|Any CPU
		{3DAF125F-4584-4A45-94A7-8731BE0D68D6}.Debug|Any CPU.Build.0 = Debug|Any CPU
		{3DAF125F-4584-4A45-94A7-8731BE0D68D6}.Release|Any CPU.ActiveCfg = Release|Any CPU
		{3DAF125F-4584-4A45-94A7-8731BE0D68D6}.Release|Any CPU.Build.0 = Release|Any CPU
		{BE905D90-619A-4586-807D-8725FB9F12AF}.Debug|Any CPU.ActiveCfg = Debug|Any CPU
		{BE905D90-619A-4586-807D-8725FB9F12AF}.Debug|Any CPU.Build.0 = Debug|Any CPU
		{BE905D90-619A-4586-807D-8725FB9F12AF}.Release|Any CPU.ActiveCfg = Release|Any CPU
		{BE905D90-619A-4586-807D-8725FB9F12AF}.Release|Any CPU.Build.0 = Release|Any CPU
		{9AC9FF4F-56EA-4AAB-8372-49FBEC171248}.Debug|Any CPU.ActiveCfg = Debug|Any CPU
		{9AC9FF4F-56EA-4AAB-8372-49FBEC171248}.Debug|Any CPU.Build.0 = Debug|Any CPU
		{9AC9FF4F-56EA-4AAB-8372-49FBEC171248}.Release|Any CPU.ActiveCfg = Release|Any CPU
		{9AC9FF4F-56EA-4AAB-8372-49FBEC171248}.Release|Any CPU.Build.0 = Release|Any CPU
		{F3FBE44A-E3B0-47C6-85EF-30E081BC7299}.Debug|Any CPU.ActiveCfg = Debug|Any CPU
		{F3FBE44A-E3B0-47C6-85EF-30E081BC7299}.Debug|Any CPU.Build.0 = Debug|Any CPU
		{F3FBE44A-E3B0-47C6-85EF-30E081BC7299}.Release|Any CPU.ActiveCfg = Release|Any CPU
		{F3FBE44A-E3B0-47C6-85EF-30E081BC7299}.Release|Any CPU.Build.0 = Release|Any CPU
		{05A9A60C-1931-48D5-96BD-AA7D2558A805}.Debug|Any CPU.ActiveCfg = Debug|Any CPU
		{05A9A60C-1931-48D5-96BD-AA7D2558A805}.Debug|Any CPU.Build.0 = Debug|Any CPU
		{05A9A60C-1931-48D5-96BD-AA7D2558A805}.Release|Any CPU.ActiveCfg = Release|Any CPU
		{05A9A60C-1931-48D5-96BD-AA7D2558A805}.Release|Any CPU.Build.0 = Release|Any CPU
		{7A42437B-E043-4CA8-8F86-01383D63A954}.Debug|Any CPU.ActiveCfg = Debug|Any CPU
		{7A42437B-E043-4CA8-8F86-01383D63A954}.Debug|Any CPU.Build.0 = Debug|Any CPU
		{7A42437B-E043-4CA8-8F86-01383D63A954}.Release|Any CPU.ActiveCfg = Release|Any CPU
		{7A42437B-E043-4CA8-8F86-01383D63A954}.Release|Any CPU.Build.0 = Release|Any CPU
		{A33AD36B-3638-4F16-B3C0-18F3AB4E72E3}.Debug|Any CPU.ActiveCfg = Debug|Any CPU
		{A33AD36B-3638-4F16-B3C0-18F3AB4E72E3}.Debug|Any CPU.Build.0 = Debug|Any CPU
		{A33AD36B-3638-4F16-B3C0-18F3AB4E72E3}.Release|Any CPU.ActiveCfg = Release|Any CPU
		{A33AD36B-3638-4F16-B3C0-18F3AB4E72E3}.Release|Any CPU.Build.0 = Release|Any CPU
		{2BCDC008-1C80-4A4C-BD7A-9C4B124B3DFD}.Debug|Any CPU.ActiveCfg = Debug|Any CPU
		{2BCDC008-1C80-4A4C-BD7A-9C4B124B3DFD}.Debug|Any CPU.Build.0 = Debug|Any CPU
		{2BCDC008-1C80-4A4C-BD7A-9C4B124B3DFD}.Release|Any CPU.ActiveCfg = Release|Any CPU
		{2BCDC008-1C80-4A4C-BD7A-9C4B124B3DFD}.Release|Any CPU.Build.0 = Release|Any CPU
		{42BE8A2E-7DA1-4A9E-9835-572686CD9516}.Debug|Any CPU.ActiveCfg = Debug|Any CPU
		{42BE8A2E-7DA1-4A9E-9835-572686CD9516}.Debug|Any CPU.Build.0 = Debug|Any CPU
		{42BE8A2E-7DA1-4A9E-9835-572686CD9516}.Release|Any CPU.ActiveCfg = Release|Any CPU
		{42BE8A2E-7DA1-4A9E-9835-572686CD9516}.Release|Any CPU.Build.0 = Release|Any CPU
		{CF8EBF4E-95CA-4A2C-B5FE-24F3D97E4837}.Debug|Any CPU.ActiveCfg = Debug|Any CPU
		{CF8EBF4E-95CA-4A2C-B5FE-24F3D97E4837}.Debug|Any CPU.Build.0 = Debug|Any CPU
		{CF8EBF4E-95CA-4A2C-B5FE-24F3D97E4837}.Release|Any CPU.ActiveCfg = Release|Any CPU
		{CF8EBF4E-95CA-4A2C-B5FE-24F3D97E4837}.Release|Any CPU.Build.0 = Release|Any CPU
		{80ACA0C3-91E4-4F87-A392-9AFD9EDA531F}.Debug|Any CPU.ActiveCfg = Debug|Any CPU
		{80ACA0C3-91E4-4F87-A392-9AFD9EDA531F}.Debug|Any CPU.Build.0 = Debug|Any CPU
		{80ACA0C3-91E4-4F87-A392-9AFD9EDA531F}.Release|Any CPU.ActiveCfg = Release|Any CPU
		{80ACA0C3-91E4-4F87-A392-9AFD9EDA531F}.Release|Any CPU.Build.0 = Release|Any CPU
		{656B8E9A-2E7D-4CA7-A6D1-8517BB97674D}.Debug|Any CPU.ActiveCfg = Debug|Any CPU
		{656B8E9A-2E7D-4CA7-A6D1-8517BB97674D}.Debug|Any CPU.Build.0 = Debug|Any CPU
		{656B8E9A-2E7D-4CA7-A6D1-8517BB97674D}.Release|Any CPU.ActiveCfg = Release|Any CPU
		{656B8E9A-2E7D-4CA7-A6D1-8517BB97674D}.Release|Any CPU.Build.0 = Release|Any CPU
	EndGlobalSection
	GlobalSection(SolutionProperties) = preSolution
		HideSolutionNode = FALSE
	EndGlobalSection
	GlobalSection(NestedProjects) = preSolution
		{487E75B0-770E-488B-B4D6-D959D60A45E3} = {0AA6A040-AD21-40D8-BE42-974835C71FCC}
		{C4667A1B-3529-4979-8DF4-B983E0EDBF1B} = {0AA6A040-AD21-40D8-BE42-974835C71FCC}
		{55759038-00F2-4872-9B7F-2C442A3A33C5} = {5B6BEA85-7713-4C29-A4A8-5A50BFC1BECD}
		{0E672096-E384-4733-941F-E83AB8AD67E5} = {5B6BEA85-7713-4C29-A4A8-5A50BFC1BECD}
		{4636E3E0-9D35-448B-ACEA-86114DF3F994} = {0E672096-E384-4733-941F-E83AB8AD67E5}
		{E8C7C3AF-E817-4A80-AA46-C2283D281512} = {55759038-00F2-4872-9B7F-2C442A3A33C5}
		{F72CEFF8-F081-4D0A-99F3-9E7F1D219C06} = {55759038-00F2-4872-9B7F-2C442A3A33C5}
		{DDAB15A6-69E0-46D1-A9FD-5E6222E1C2FA} = {55759038-00F2-4872-9B7F-2C442A3A33C5}
		{D2368BCA-C5D1-4448-AACD-3F16B6B8A862} = {0E672096-E384-4733-941F-E83AB8AD67E5}
		{75514FB2-1876-477B-9279-5E960B719F2A} = {5B6BEA85-7713-4C29-A4A8-5A50BFC1BECD}
		{9F1D3908-5D91-49F1-B2F9-ACD2351F0F99} = {75514FB2-1876-477B-9279-5E960B719F2A}
		{9A843FA0-EB7E-4EB1-959A-7E71C35D20B6} = {75514FB2-1876-477B-9279-5E960B719F2A}
		{A86E7A5C-1538-4584-995B-26070193A96A} = {0E672096-E384-4733-941F-E83AB8AD67E5}
		{253386AE-DBD9-4A4F-8BFD-9E13F5691BC8} = {0AA6A040-AD21-40D8-BE42-974835C71FCC}
		{6B21E4F6-47FB-4435-864C-7A143CEFE288} = {75514FB2-1876-477B-9279-5E960B719F2A}
		{A07294A4-CF32-477E-A21D-443F154A6A1D} = {5B6BEA85-7713-4C29-A4A8-5A50BFC1BECD}
		{7B8F2775-8DE7-4CB3-8114-C33989ED0D63} = {A07294A4-CF32-477E-A21D-443F154A6A1D}
		{EC1C4A21-E30B-45B1-A2FE-539A8AF7B3CC} = {A07294A4-CF32-477E-A21D-443F154A6A1D}
		{783ABB04-CD42-421D-B3FA-015224D7F4F2} = {A07294A4-CF32-477E-A21D-443F154A6A1D}
		{EAA19F6E-DDEE-43CA-BF1C-825226EFAFE2} = {0AA6A040-AD21-40D8-BE42-974835C71FCC}
		{A6609180-D3E0-4D91-A525-8FB187918A3C} = {5B6BEA85-7713-4C29-A4A8-5A50BFC1BECD}
		{3DAF125F-4584-4A45-94A7-8731BE0D68D6} = {A6609180-D3E0-4D91-A525-8FB187918A3C}
		{BE905D90-619A-4586-807D-8725FB9F12AF} = {A6609180-D3E0-4D91-A525-8FB187918A3C}
		{9AC9FF4F-56EA-4AAB-8372-49FBEC171248} = {A6609180-D3E0-4D91-A525-8FB187918A3C}
		{51FC97F6-D52A-4404-B578-3325DD21527C} = {5B6BEA85-7713-4C29-A4A8-5A50BFC1BECD}
		{F3FBE44A-E3B0-47C6-85EF-30E081BC7299} = {51FC97F6-D52A-4404-B578-3325DD21527C}
		{05A9A60C-1931-48D5-96BD-AA7D2558A805} = {51FC97F6-D52A-4404-B578-3325DD21527C}
		{7A42437B-E043-4CA8-8F86-01383D63A954} = {51FC97F6-D52A-4404-B578-3325DD21527C}
		{A33AD36B-3638-4F16-B3C0-18F3AB4E72E3} = {51FC97F6-D52A-4404-B578-3325DD21527C}
		{2BCDC008-1C80-4A4C-BD7A-9C4B124B3DFD} = {51FC97F6-D52A-4404-B578-3325DD21527C}
		{42BE8A2E-7DA1-4A9E-9835-572686CD9516} = {0AA6A040-AD21-40D8-BE42-974835C71FCC}
		{95352B86-BE19-4141-B159-030121FEC411} = {5B6BEA85-7713-4C29-A4A8-5A50BFC1BECD}
		{CF8EBF4E-95CA-4A2C-B5FE-24F3D97E4837} = {95352B86-BE19-4141-B159-030121FEC411}
		{80ACA0C3-91E4-4F87-A392-9AFD9EDA531F} = {95352B86-BE19-4141-B159-030121FEC411}
		{656B8E9A-2E7D-4CA7-A6D1-8517BB97674D} = {95352B86-BE19-4141-B159-030121FEC411}
	EndGlobalSection
	GlobalSection(ExtensibilityGlobals) = postSolution
		SolutionGuid = {0B1F2D8C-65D3-489F-9D81-CC3A28A8DDF7}
	EndGlobalSection
EndGlobal
